{
    "_meta": {
        "hash": {
            "sha256": "01b7e4b84c2fc15928768ae515173b99a3026fd13770e17f4ed76ccac66bbf0c"
        },
        "requires": {},
        "sources": [
            {
                "url": "https://pypi.python.org/simple",
                "verify_ssl": true
            }
        ]
    },
    "default": {
        "bs4": "*",
        "django": "*",
        "django-bootstrap3": "*",
        "easy-thumbnails": "*",
        "feedparser": "*",
        "lxml": "*",
        "psycopg2": "*",
        "python-slugify": "*",
        "requests": "*"
    },
    "develop": {
        "autopep8": "*",
        "django-debug-toolbar": "*",
        "django-extensions": "*"
    }
}
